
Microsoft Visual Studio Solution File, Format Version 12.00
# Visual Studio Version 16
VisualStudioVersion = 16.0.31019.35
MinimumVisualStudioVersion = 10.0.40219.1
Project("{FAE04EC0-301F-11D3-BF4B-00C04F79EFBC}") = "Platform_Task_ Management_System", "Platform_Task_ Management_System\Platform_Task_ Management_System.csproj", "{1C31232A-F824-441C-A7F9-BAE19FE54A78}"
EndProject
Global
	GlobalSection(SolutionConfigurationPlatforms) = preSolution
		Debug|Any CPU = Debug|Any CPU
		Release|Any CPU = Release|Any CPU
	EndGlobalSection
	GlobalSection(ProjectConfigurationPlatforms) = postSolution
		{1C31232A-F824-441C-A7F9-BAE19FE54A78}.Debug|Any CPU.ActiveCfg = Debug|Any CPU
		{1C31232A-F824-441C-A7F9-BAE19FE54A78}.Debug|Any CPU.Build.0 = Debug|Any CPU
		{1C31232A-F824-441C-A7F9-BAE19FE54A78}.Release|Any CPU.ActiveCfg = Release|Any CPU
		{1C31232A-F824-441C-A7F9-BAE19FE54A78}.Release|Any CPU.Build.0 = Release|Any CPU
	EndGlobalSection
	GlobalSection(SolutionProperties) = preSolution
		HideSolutionNode = FALSE
	EndGlobalSection
	GlobalSection(ExtensibilityGlobals) = postSolution
		SolutionGuid = {1E96038D-601E-4F9B-9267-9487A4848B2E}
	EndGlobalSection
EndGlobal
